
Microsoft Visual Studio Solution File, Format Version 12.00
# Visual Studio Version 16
VisualStudioVersion = 16.0.29728.190
MinimumVisualStudioVersion = 10.0.40219.1
Project("{9A19103F-16F7-4668-BE54-9A1E7A4F7556}") = "InsecureAntiBruteForce", "InsecureAntiBruteForce.csproj", "{BBF0450C-2185-4984-8FAB-3B227BA98083}"
EndProject
Global
	GlobalSection(SolutionConfigurationPlatforms) = preSolution
		Debug|Any CPU = Debug|Any CPU
		Release|Any CPU = Release|Any CPU
	EndGlobalSection
	GlobalSection(ProjectConfigurationPlatforms) = postSolution
		{BBF0450C-2185-4984-8FAB-3B227BA98083}.Debug|Any CPU.ActiveCfg = Debug|Any CPU
		{BBF0450C-2185-4984-8FAB-3B227BA98083}.Debug|Any CPU.Build.0 = Debug|Any CPU
		{BBF0450C-2185-4984-8FAB-3B227BA98083}.Release|Any CPU.ActiveCfg = Release|Any CPU
		{BBF0450C-2185-4984-8FAB-3B227BA98083}.Release|Any CPU.Build.0 = Release|Any CPU
	EndGlobalSection
	GlobalSection(SolutionProperties) = preSolution
		HideSolutionNode = FALSE
	EndGlobalSection
	GlobalSection(ExtensibilityGlobals) = postSolution
		SolutionGuid = {06436D52-E259-4FA7-9B35-E1108412A58E}
	EndGlobalSection
EndGlobal
